// !$*UTF8*$!
{
	archiveVersion = 1;
	classes = {
	};
	objectVersion = 51;
	objects = {

/* Begin PBXBuildFile section */
		6F4586CF24792B8400C58BD0 /* AppDelegate.swift in Sources */ = {isa = PBXBuildFile; fileRef = 6F4586CE24792B8400C58BD0 /* AppDelegate.swift */; };
		6F4586D124792B8400C58BD0 /* ViewController.swift in Sources */ = {isa = PBXBuildFile; fileRef = 6F4586D024792B8400C58BD0 /* ViewController.swift */; };
		6F4586D324792B8A00C58BD0 /* Assets.xcassets in Resources */ = {isa = PBXBuildFile; fileRef = 6F4586D224792B8A00C58BD0 /* Assets.xcassets */; };
		6F4586D624792B8A00C58BD0 /* Main.storyboard in Resources */ = {isa = PBXBuildFile; fileRef = 6F4586D424792B8A00C58BD0 /* Main.storyboard */; };
		E726F312F66590437913C23C /* Pods_FileFilter.framework in Frameworks */ = {isa = PBXBuildFile; fileRef = AD91EC762AE740F1D8AFCB2D /* Pods_FileFilter.framework */; };
/* End PBXBuildFile section */

/* Begin PBXFileReference section */
		25B5E9F4F9AE34E1C0C14EDB /* Pods-FileFilter.debug.xcconfig */ = {isa = PBXFileReference; includeInIndex = 1; lastKnownFileType = text.xcconfig; name = "Pods-FileFilter.debug.xcconfig"; path = "Target Support Files/Pods-FileFilter/Pods-FileFilter.debug.xcconfig"; sourceTree = "<group>"; };
		6F4586CB24792B8400C58BD0 /* FileFilter.app */ = {isa = PBXFileReference; explicitFileType = wrapper.application; includeInIndex = 0; path = FileFilter.app; sourceTree = BUILT_PRODUCTS_DIR; };
		6F4586CE24792B8400C58BD0 /* AppDelegate.swift */ = {isa = PBXFileReference; lastKnownFileType = sourcecode.swift; path = AppDelegate.swift; sourceTree = "<group>"; };
		6F4586D024792B8400C58BD0 /* ViewController.swift */ = {isa = PBXFileReference; lastKnownFileType = sourcecode.swift; path = ViewController.swift; sourceTree = "<group>"; };
		6F4586D224792B8A00C58BD0 /* Assets.xcassets */ = {isa = PBXFileReference; lastKnownFileType = folder.assetcatalog; path = Assets.xcassets; sourceTree = "<group>"; };
		6F4586D524792B8A00C58BD0 /* Base */ = {isa = PBXFileReference; lastKnownFileType = file.storyboard; name = Base; path = Base.lproj/Main.storyboard; sourceTree = "<group>"; };
		6F4586D724792B8A00C58BD0 /* Info.plist */ = {isa = PBXFileReference; lastKnownFileType = text.plist.xml; path = Info.plist; sourceTree = "<group>"; };
		6F4586D824792B8A00C58BD0 /* FileFilter.entitlements */ = {isa = PBXFileReference; lastKnownFileType = text.plist.entitlements; path = FileFilter.entitlements; sourceTree = "<group>"; };
		AD91EC762AE740F1D8AFCB2D /* Pods_FileFilter.framework */ = {isa = PBXFileReference; explicitFileType = wrapper.framework; includeInIndex = 0; path = Pods_FileFilter.framework; sourceTree = BUILT_PRODUCTS_DIR; };
		B0E7BAD8C8FF17BFEEFD4B37 /* Pods-FileFilter.release.xcconfig */ = {isa = PBXFileReference; includeInIndex = 1; lastKnownFileType = text.xcconfig; name = "Pods-FileFilter.release.xcconfig"; path = "Target Support Files/Pods-FileFilter/Pods-FileFilter.release.xcconfig"; sourceTree = "<group>"; };
/* End PBXFileReference section */

/* Begin PBXFrameworksBuildPhase section */
		6F4586C824792B8400C58BD0 /* Frameworks */ = {
			isa = PBXFrameworksBuildPhase;
			buildActionMask = 2147483647;
			files = (
				E726F312F66590437913C23C /* Pods_FileFilter.framework in Frameworks */,
			);
			runOnlyForDeploymentPostprocessing = 0;
		};
/* End PBXFrameworksBuildPhase section */

/* Begin PBXGroup section */
		6F4586C224792B8300C58BD0 = {
			isa = PBXGroup;
			children = (
				6F4586CD24792B8400C58BD0 /* FileFilter */,
				6F4586CC24792B8400C58BD0 /* Products */,
				E052062252B8855906226D8C /* Pods */,
				BE928A7A31EE76E4E55CAC9E /* Frameworks */,
			);
			sourceTree = "<group>";
		};
		6F4586CC24792B8400C58BD0 /* Products */ = {
			isa = PBXGroup;
			children = (
				6F4586CB24792B8400C58BD0 /* FileFilter.app */,
			);
			name = Products;
			sourceTree = "<group>";
		};
		6F4586CD24792B8400C58BD0 /* FileFilter */ = {
			isa = PBXGroup;
			children = (
				6F4586CE24792B8400C58BD0 /* AppDelegate.swift */,
				6F4586D024792B8400C58BD0 /* ViewController.swift */,
				6F4586D224792B8A00C58BD0 /* Assets.xcassets */,
				6F4586D424792B8A00C58BD0 /* Main.storyboard */,
				6F4586D724792B8A00C58BD0 /* Info.plist */,
				6F4586D824792B8A00C58BD0 /* FileFilter.entitlements */,
			);
			path = FileFilter;
			sourceTree = "<group>";
		};
		BE928A7A31EE76E4E55CAC9E /* Frameworks */ = {
			isa = PBXGroup;
			children = (
				AD91EC762AE740F1D8AFCB2D /* Pods_FileFilter.framework */,
			);
			name = Frameworks;
			sourceTree = "<group>";
		};
		E052062252B8855906226D8C /* Pods */ = {
			isa = PBXGroup;
			children = (
				25B5E9F4F9AE34E1C0C14EDB /* Pods-FileFilter.debug.xcconfig */,
				B0E7BAD8C8FF17BFEEFD4B37 /* Pods-FileFilter.release.xcconfig */,
			);
			path = Pods;
			sourceTree = "<group>";
		};
/* End PBXGroup section */

/* Begin PBXNativeTarget section */
		6F4586CA24792B8400C58BD0 /* FileFilter */ = {
			isa = PBXNativeTarget;
			buildConfigurationList = 6F4586DB24792B8A00C58BD0 /* Build configuration list for PBXNativeTarget "FileFilter" */;
			buildPhases = (
				51D7A19DF9B6BB8DA139E3A7 /* [CP] Check Pods Manifest.lock */,
				6F4586C724792B8400C58BD0 /* Sources */,
				6F4586C824792B8400C58BD0 /* Frameworks */,
				6F4586C924792B8400C58BD0 /* Resources */,
				575833B0E408975DD89BF9D9 /* [CP] Embed Pods Frameworks */,
			);
			buildRules = (
			);
			dependencies = (
			);
			name = FileFilter;
			productName = "File Filter";
			productReference = 6F4586CB24792B8400C58BD0 /* FileFilter.app */;
			productType = "com.apple.product-type.application";
		};
/* End PBXNativeTarget section */

/* Begin PBXProject section */
		6F4586C324792B8400C58BD0 /* Project object */ = {
			isa = PBXProject;
			attributes = {
				LastSwiftUpdateCheck = 1130;
				LastUpgradeCheck = 1130;
				ORGANIZATIONNAME = young;
				TargetAttributes = {
					6F4586CA24792B8400C58BD0 = {
						CreatedOnToolsVersion = 11.3.1;
					};
				};
			};
			buildConfigurationList = 6F4586C624792B8400C58BD0 /* Build configuration list for PBXProject "FileFilter" */;
			compatibilityVersion = "Xcode 9.3";
			developmentRegion = en;
			hasScannedForEncodings = 0;
			knownRegions = (
				en,
				Base,
			);
			mainGroup = 6F4586C224792B8300C58BD0;
			productRefGroup = 6F4586CC24792B8400C58BD0 /* Products */;
			projectDirPath = "";
			projectRoot = "";
			targets = (
				6F4586CA24792B8400C58BD0 /* FileFilter */,
			);
		};
/* End PBXProject section */

/* Begin PBXResourcesBuildPhase section */
		6F4586C924792B8400C58BD0 /* Resources */ = {
			isa = PBXResourcesBuildPhase;
			buildActionMask = 2147483647;
			files = (
				6F4586D324792B8A00C58BD0 /* Assets.xcassets in Resources */,
				6F4586D624792B8A00C58BD0 /* Main.storyboard in Resources */,
			);
			runOnlyForDeploymentPostprocessing = 0;
		};
/* End PBXResourcesBuildPhase section */

/* Begin PBXShellScriptBuildPhase section */
		51D7A19DF9B6BB8DA139E3A7 /* [CP] Check Pods Manifest.lock */ = {
			isa = PBXShellScriptBuildPhase;
			buildActionMask = 2147483647;
			files = (
			);
			inputFileListPaths = (
			);
			inputPaths = (
				"${PODS_PODFILE_DIR_PATH}/Podfile.lock",
				"${PODS_ROOT}/Manifest.lock",
			);
			name = "[CP] Check Pods Manifest.lock";
			outputFileListPaths = (
			);
			outputPaths = (
				"$(DERIVED_FILE_DIR)/Pods-FileFilter-checkManifestLockResult.txt",
			);
			runOnlyForDeploymentPostprocessing = 0;
			shellPath = /bin/sh;
			shellScript = "diff \"${PODS_PODFILE_DIR_PATH}/Podfile.lock\" \"${PODS_ROOT}/Manifest.lock\" > /dev/null\nif [ $? != 0 ] ; then\n    # print error to STDERR\n    echo \"error: The sandbox is not in sync with the Podfile.lock. Run 'pod install' or update your CocoaPods installation.\" >&2\n    exit 1\nfi\n# This output is used by Xcode 'outputs' to avoid re-running this script phase.\necho \"SUCCESS\" > \"${SCRIPT_OUTPUT_FILE_0}\"\n";
			showEnvVarsInLog = 0;
		};
		575833B0E408975DD89BF9D9 /* [CP] Embed Pods Frameworks */ = {
			isa = PBXShellScriptBuildPhase;
			buildActionMask = 2147483647;
			files = (
			);
			inputFileListPaths = (
				"${PODS_ROOT}/Target Support Files/Pods-FileFilter/Pods-FileFilter-frameworks-${CONFIGURATION}-input-files.xcfilelist",
			);
			name = "[CP] Embed Pods Frameworks";
			outputFileListPaths = (
				"${PODS_ROOT}/Target Support Files/Pods-FileFilter/Pods-FileFilter-frameworks-${CONFIGURATION}-output-files.xcfilelist",
			);
			runOnlyForDeploymentPostprocessing = 0;
			shellPath = /bin/sh;
			shellScript = "\"${PODS_ROOT}/Target Support Files/Pods-FileFilter/Pods-FileFilter-frameworks.sh\"\n";
			showEnvVarsInLog = 0;
		};
/* End PBXShellScriptBuildPhase section */

/* Begin PBXSourcesBuildPhase section */
		6F4586C724792B8400C58BD0 /* Sources */ = {
			isa = PBXSourcesBuildPhase;
			buildActionMask = 2147483647;
			files = (
				6F4586D124792B8400C58BD0 /* ViewController.swift in Sources */,
				6F4586CF24792B8400C58BD0 /* AppDelegate.swift in Sources */,
			);
			runOnlyForDeploymentPostprocessing = 0;
		};
/* End PBXSourcesBuildPhase section */

/* Begin PBXVariantGroup section */
		6F4586D424792B8A00C58BD0 /* Main.storyboard */ = {
			isa = PBXVariantGroup;
			children = (
				6F4586D524792B8A00C58BD0 /* Base */,
			);
			name = Main.storyboard;
			sourceTree = "<group>";
		};
/* End PBXVariantGroup section */

/* Begin XCBuildConfiguration section */
		6F4586D924792B8A00C58BD0 /* Debug */ = {
			isa = XCBuildConfiguration;
			buildSettings = {
				ALWAYS_SEARCH_USER_PATHS = NO;
				CLANG_ANALYZER_NONNULL = YES;
				CLANG_ANALYZER_NUMBER_OBJECT_CONVERSION = YES_AGGRESSIVE;
				CLANG_CXX_LANGUAGE_STANDARD = "gnu++14";
				CLANG_CXX_LIBRARY = "libc++";
				CLANG_ENABLE_MODULES = YES;
				CLANG_ENABLE_OBJC_ARC = YES;
				CLANG_ENABLE_OBJC_WEAK = YES;
				CLANG_WARN_BLOCK_CAPTURE_AUTORELEASING = YES;
				CLANG_WARN_BOOL_CONVERSION = YES;
				CLANG_WARN_COMMA = YES;
				CLANG_WARN_CONSTANT_CONVERSION = YES;
				CLANG_WARN_DEPRECATED_OBJC_IMPLEMENTATIONS = YES;
				CLANG_WARN_DIRECT_OBJC_ISA_USAGE = YES_ERROR;
				CLANG_WARN_DOCUMENTATION_COMMENTS = YES;
				CLANG_WARN_EMPTY_BODY = YES;
				CLANG_WARN_ENUM_CONVERSION = YES;
				CLANG_WARN_INFINITE_RECURSION = YES;
				CLANG_WARN_INT_CONVERSION = YES;
				CLANG_WARN_NON_LITERAL_NULL_CONVERSION = YES;
				CLANG_WARN_OBJC_IMPLICIT_RETAIN_SELF = YES;
				CLANG_WARN_OBJC_LITERAL_CONVERSION = YES;
				CLANG_WARN_OBJC_ROOT_CLASS = YES_ERROR;
				CLANG_WARN_RANGE_LOOP_ANALYSIS = YES;
				CLANG_WARN_STRICT_PROTOTYPES = YES;
				CLANG_WARN_SUSPICIOUS_MOVE = YES;
				CLANG_WARN_UNGUARDED_AVAILABILITY = YES_AGGRESSIVE;
				CLANG_WARN_UNREACHABLE_CODE = YES;
				CLANG_WARN__DUPLICATE_METHOD_MATCH = YES;
				COPY_PHASE_STRIP = NO;
				DEBUG_INFORMATION_FORMAT = dwarf;
				ENABLE_STRICT_OBJC_MSGSEND = YES;
				ENABLE_TESTABILITY = YES;
				GCC_C_LANGUAGE_STANDARD = gnu11;
				GCC_DYNAMIC_NO_PIC = NO;
				GCC_NO_COMMON_BLOCKS = YES;
				GCC_OPTIMIZATION_LEVEL = 0;
				GCC_PREPROCESSOR_DEFINITIONS = (
					"DEBUG=1",
					"$(inherited)",
				);
				GCC_WARN_64_TO_32_BIT_CONVERSION = YES;
				GCC_WARN_ABOUT_RETURN_TYPE = YES_ERROR;
				GCC_WARN_UNDECLARED_SELECTOR = YES;
				GCC_WARN_UNINITIALIZED_AUTOS = YES_AGGRESSIVE;
				GCC_WARN_UNUSED_FUNCTION = YES;
				GCC_WARN_UNUSED_VARIABLE = YES;
				MACOSX_DEPLOYMENT_TARGET = 10.15;
				MTL_ENABLE_DEBUG_INFO = INCLUDE_SOURCE;
				MTL_FAST_MATH = YES;
				ONLY_ACTIVE_ARCH = YES;
				SDKROOT = macosx;
				SWIFT_ACTIVE_COMPILATION_CONDITIONS = DEBUG;
				SWIFT_OPTIMIZATION_LEVEL = "-Onone";
			};
			name = Debug;
		};
		6F4586DA24792B8A00C58BD0 /* Release */ = {
			isa = XCBuildConfiguration;
			buildSettings = {
				ALWAYS_SEARCH_USER_PATHS = NO;
				CLANG_ANALYZER_NONNULL = YES;
				CLANG_ANALYZER_NUMBER_OBJECT_CONVERSION = YES_AGGRESSIVE;
				CLANG_CXX_LANGUAGE_STANDARD = "gnu++14";
				CLANG_CXX_LIBRARY = "libc++";
				CLANG_ENABLE_MODULES = YES;
				CLANG_ENABLE_OBJC_ARC = YES;
				CLANG_ENABLE_OBJC_WEAK = YES;
				CLANG_WARN_BLOCK_CAPTURE_AUTORELEASING = YES;
				CLANG_WARN_BOOL_CONVERSION = YES;
				CLANG_WARN_COMMA = YES;
				CLANG_WARN_CONSTANT_CONVERSION = YES;
				CLANG_WARN_DEPRECATED_OBJC_IMPLEMENTATIONS = YES;
				CLANG_WARN_DIRECT_OBJC_ISA_USAGE = YES_ERROR;
				CLANG_WARN_DOCUMENTATION_COMMENTS = YES;
				CLANG_WARN_EMPTY_BODY = YES;
				CLANG_WARN_ENUM_CONVERSION = YES;
				CLANG_WARN_INFINITE_RECURSION = YES;
				CLANG_WARN_INT_CONVERSION = YES;
				CLANG_WARN_NON_LITERAL_NULL_CONVERSION = YES;
				CLANG_WARN_OBJC_IMPLICIT_RETAIN_SELF = YES;
				CLANG_WARN_OBJC_LITERAL_CONVERSION = YES;
				CLANG_WARN_OBJC_ROOT_CLASS = YES_ERROR;
				CLANG_WARN_RANGE_LOOP_ANALYSIS = YES;
				CLANG_WARN_STRICT_PROTOTYPES = YES;
				CLANG_WARN_SUSPICIOUS_MOVE = YES;
				CLANG_WARN_UNGUARDED_AVAILABILITY = YES_AGGRESSIVE;
				CLANG_WARN_UNREACHABLE_CODE = YES;
				CLANG_WARN__DUPLICATE_METHOD_MATCH = YES;
				COPY_PHASE_STRIP = NO;
				DEBUG_INFORMATION_FORMAT = "dwarf-with-dsym";
				ENABLE_NS_ASSERTIONS = NO;
				ENABLE_STRICT_OBJC_MSGSEND = YES;
				GCC_C_LANGUAGE_STANDARD = gnu11;
				GCC_NO_COMMON_BLOCKS = YES;
				GCC_WARN_64_TO_32_BIT_CONVERSION = YES;
				GCC_WARN_ABOUT_RETURN_TYPE = YES_ERROR;
				GCC_WARN_UNDECLARED_SELECTOR = YES;
				GCC_WARN_UNINITIALIZED_AUTOS = YES_AGGRESSIVE;
				GCC_WARN_UNUSED_FUNCTION = YES;
				GCC_WARN_UNUSED_VARIABLE = YES;
				MACOSX_DEPLOYMENT_TARGET = 10.15;
				MTL_ENABLE_DEBUG_INFO = NO;
				MTL_FAST_MATH = YES;
				SDKROOT = macosx;
				SWIFT_COMPILATION_MODE = wholemodule;
				SWIFT_OPTIMIZATION_LEVEL = "-O";
			};
			name = Release;
		};
		6F4586DC24792B8A00C58BD0 /* Debug */ = {
			isa = XCBuildConfiguration;
			baseConfigurationReference = 25B5E9F4F9AE34E1C0C14EDB /* Pods-FileFilter.debug.xcconfig */;
			buildSettings = {
				ASSETCATALOG_COMPILER_APPICON_NAME = AppIcon;
				CODE_SIGN_ENTITLEMENTS = FileFilter/FileFilter.entitlements;
				CODE_SIGN_STYLE = Automatic;
				COMBINE_HIDPI_IMAGES = YES;
				DEVELOPMENT_TEAM = 7EZ23W2MEV;
				ENABLE_HARDENED_RUNTIME = NO;
				INFOPLIST_FILE = "$(SRCROOT)/FileFilter/Info.plist";
				LD_RUNPATH_SEARCH_PATHS = (
					"$(inherited)",
					"@executable_path/../Frameworks",
				);
				PRODUCT_BUNDLE_IDENTIFIER = young.FileFilter;
				PRODUCT_NAME = "$(TARGET_NAME)";
				SWIFT_VERSION = 5.0;
			};
			name = Debug;
		};
		6F4586DD24792B8A00C58BD0 /* Release */ = {
			isa = XCBuildConfiguration;
			baseConfigurationReference = B0E7BAD8C8FF17BFEEFD4B37 /* Pods-FileFilter.release.xcconfig */;
			buildSettings = {
				ASSETCATALOG_COMPILER_APPICON_NAME = AppIcon;
				CODE_SIGN_ENTITLEMENTS = FileFilter/FileFilter.entitlements;
				CODE_SIGN_STYLE = Automatic;
				COMBINE_HIDPI_IMAGES = YES;
				DEVELOPMENT_TEAM = 7EZ23W2MEV;
				ENABLE_HARDENED_RUNTIME = NO;
				INFOPLIST_FILE = "$(SRCROOT)/FileFilter/Info.plist";
				LD_RUNPATH_SEARCH_PATHS = (
					"$(inherited)",
					"@executable_path/../Frameworks",
				);
				PRODUCT_BUNDLE_IDENTIFIER = young.FileFilter;
				PRODUCT_NAME = "$(TARGET_NAME)";
				SWIFT_VERSION = 5.0;
			};
			name = Release;
		};
/* End XCBuildConfiguration section */

/* Begin XCConfigurationList section */
		6F4586C624792B8400C58BD0 /* Build configuration list for PBXProject "FileFilter" */ = {
			isa = XCConfigurationList;
			buildConfigurations = (
				6F4586D924792B8A00C58BD0 /* Debug */,
				6F4586DA24792B8A00C58BD0 /* Release */,
			);
			defaultConfigurationIsVisible = 0;
			defaultConfigurationName = Release;
		};
		6F4586DB24792B8A00C58BD0 /* Build configuration list for PBXNativeTarget "FileFilter" */ = {
			isa = XCConfigurationList;
			buildConfigurations = (
				6F4586DC24792B8A00C58BD0 /* Debug */,
				6F4586DD24792B8A00C58BD0 /* Release */,
			);
			defaultConfigurationIsVisible = 0;
			defaultConfigurationName = Release;
		};
/* End XCConfigurationList section */
	};
	rootObject = 6F4586C324792B8400C58BD0 /* Project object */;
}
